
Microsoft Visual Studio Solution File, Format Version 12.00
# Visual Studio Version 17
VisualStudioVersion = 17.0.31912.275
MinimumVisualStudioVersion = 10.0.40219.1
Project("{8BC9CEB8-8B4A-11D0-8D11-00A0C91BC942}") = "TwelveSky2", "TwelveSky2\TwelveSky2.vcxproj", "{4ABEBA79-1911-4C5E-B90E-0143BF3B51B6}"
EndProject
Project("{8BC9CEB8-8B4A-11D0-8D11-00A0C91BC942}") = "GXD", "Core\GXD\GXD.vcxproj", "{E3229E28-5A95-4AE9-BDF0-D7185D00BAD7}"
EndProject
Project("{8BC9CEB8-8B4A-11D0-8D11-00A0C91BC942}") = "TW2AddIn", "Core\TW2AddIn\TW2AddIn.vcxproj", "{328EB228-49F2-4C99-A584-B9B11B39E07B}"
EndProject
Project("{2150E333-8FDC-42A3-9474-1A3956D46DE8}") = "Share", "Share", "{162D205B-CE48-498F-82A3-0D6A1BC009E9}"
	ProjectSection(SolutionItems) = preProject
		Core\CString.h = Core\CString.h
		Core\DXHelper.h = Core\DXHelper.h
		Core\ShareHeader.h = Core\ShareHeader.h
	EndProjectSection
EndProject
Project("{8BC9CEB8-8B4A-11D0-8D11-00A0C91BC942}") = "ZTest", "ZTest\ZTest.vcxproj", "{12EAE292-DBF8-478A-B15E-78E5B8F2A7E4}"
EndProject
Project("{8BC9CEB8-8B4A-11D0-8D11-00A0C91BC942}") = "TwelveSky2Script", "TwelveSky2Script\TwelveSky2Script.vcxproj", "{93D2914B-0F13-4E1A-B580-AC9159EC98C5}"
EndProject
Global
	GlobalSection(SolutionConfigurationPlatforms) = preSolution
		Debug|x64 = Debug|x64
		Debug|x86 = Debug|x86
		Release|x64 = Release|x64
		Release|x86 = Release|x86
	EndGlobalSection
	GlobalSection(ProjectConfigurationPlatforms) = postSolution
		{4ABEBA79-1911-4C5E-B90E-0143BF3B51B6}.Debug|x64.ActiveCfg = Release|Win32
		{4ABEBA79-1911-4C5E-B90E-0143BF3B51B6}.Debug|x64.Build.0 = Release|Win32
		{4ABEBA79-1911-4C5E-B90E-0143BF3B51B6}.Debug|x86.ActiveCfg = Release|Win32
		{4ABEBA79-1911-4C5E-B90E-0143BF3B51B6}.Debug|x86.Build.0 = Release|Win32
		{4ABEBA79-1911-4C5E-B90E-0143BF3B51B6}.Release|x64.ActiveCfg = Release|Win32
		{4ABEBA79-1911-4C5E-B90E-0143BF3B51B6}.Release|x64.Build.0 = Release|Win32
		{4ABEBA79-1911-4C5E-B90E-0143BF3B51B6}.Release|x86.ActiveCfg = Release|Win32
		{4ABEBA79-1911-4C5E-B90E-0143BF3B51B6}.Release|x86.Build.0 = Release|Win32
		{E3229E28-5A95-4AE9-BDF0-D7185D00BAD7}.Debug|x64.ActiveCfg = Release|Win32
		{E3229E28-5A95-4AE9-BDF0-D7185D00BAD7}.Debug|x64.Build.0 = Release|Win32
		{E3229E28-5A95-4AE9-BDF0-D7185D00BAD7}.Debug|x86.ActiveCfg = Release|Win32
		{E3229E28-5A95-4AE9-BDF0-D7185D00BAD7}.Debug|x86.Build.0 = Release|Win32
		{E3229E28-5A95-4AE9-BDF0-D7185D00BAD7}.Release|x64.ActiveCfg = Release|Win32
		{E3229E28-5A95-4AE9-BDF0-D7185D00BAD7}.Release|x64.Build.0 = Release|Win32
		{E3229E28-5A95-4AE9-BDF0-D7185D00BAD7}.Release|x86.ActiveCfg = Release|Win32
		{E3229E28-5A95-4AE9-BDF0-D7185D00BAD7}.Release|x86.Build.0 = Release|Win32
		{328EB228-49F2-4C99-A584-B9B11B39E07B}.Debug|x64.ActiveCfg = Release|Win32
		{328EB228-49F2-4C99-A584-B9B11B39E07B}.Debug|x64.Build.0 = Release|Win32
		{328EB228-49F2-4C99-A584-B9B11B39E07B}.Debug|x86.ActiveCfg = Release|Win32
		{328EB228-49F2-4C99-A584-B9B11B39E07B}.Debug|x86.Build.0 = Release|Win32
		{328EB228-49F2-4C99-A584-B9B11B39E07B}.Release|x64.ActiveCfg = Release|Win32
		{328EB228-49F2-4C99-A584-B9B11B39E07B}.Release|x64.Build.0 = Release|Win32
		{328EB228-49F2-4C99-A584-B9B11B39E07B}.Release|x86.ActiveCfg = Release|Win32
		{328EB228-49F2-4C99-A584-B9B11B39E07B}.Release|x86.Build.0 = Release|Win32
		{12EAE292-DBF8-478A-B15E-78E5B8F2A7E4}.Debug|x64.ActiveCfg = Debug|x64
		{12EAE292-DBF8-478A-B15E-78E5B8F2A7E4}.Debug|x64.Build.0 = Debug|x64
		{12EAE292-DBF8-478A-B15E-78E5B8F2A7E4}.Debug|x86.ActiveCfg = Debug|Win32
		{12EAE292-DBF8-478A-B15E-78E5B8F2A7E4}.Debug|x86.Build.0 = Debug|Win32
		{12EAE292-DBF8-478A-B15E-78E5B8F2A7E4}.Release|x64.ActiveCfg = Release|x64
		{12EAE292-DBF8-478A-B15E-78E5B8F2A7E4}.Release|x64.Build.0 = Release|x64
		{12EAE292-DBF8-478A-B15E-78E5B8F2A7E4}.Release|x86.ActiveCfg = Release|Win32
		{12EAE292-DBF8-478A-B15E-78E5B8F2A7E4}.Release|x86.Build.0 = Release|Win32
		{93D2914B-0F13-4E1A-B580-AC9159EC98C5}.Debug|x64.ActiveCfg = Debug|x64
		{93D2914B-0F13-4E1A-B580-AC9159EC98C5}.Debug|x64.Build.0 = Debug|x64
		{93D2914B-0F13-4E1A-B580-AC9159EC98C5}.Debug|x86.ActiveCfg = Debug|Win32
		{93D2914B-0F13-4E1A-B580-AC9159EC98C5}.Debug|x86.Build.0 = Debug|Win32
		{93D2914B-0F13-4E1A-B580-AC9159EC98C5}.Release|x64.ActiveCfg = Release|x64
		{93D2914B-0F13-4E1A-B580-AC9159EC98C5}.Release|x64.Build.0 = Release|x64
		{93D2914B-0F13-4E1A-B580-AC9159EC98C5}.Release|x86.ActiveCfg = Release|Win32
		{93D2914B-0F13-4E1A-B580-AC9159EC98C5}.Release|x86.Build.0 = Release|Win32
	EndGlobalSection
	GlobalSection(SolutionProperties) = preSolution
		HideSolutionNode = FALSE
	EndGlobalSection
	GlobalSection(ExtensibilityGlobals) = postSolution
		SolutionGuid = {E9D6061F-8497-486A-8359-0D1C29A7D37F}
	EndGlobalSection
EndGlobal
