<?xml version="1.0" encoding="utf-8"?>
<Project ToolsVersion="4.0" xmlns="http://schemas.microsoft.com/developer/msbuild/2003">
  <ItemGroup>
    <Filter Include="Source Files">
      <UniqueIdentifier>{4FC737F1-C7A5-4376-A066-2A32D752A2FF}</UniqueIdentifier>
      <Extensions>cpp;c;cc;cxx;c++;cppm;ixx;def;odl;idl;hpj;bat;asm;asmx</Extensions>
    </Filter>
    <Filter Include="Header Files">
      <UniqueIdentifier>{93995380-89BD-4b04-88EB-625FBE52EBFB}</UniqueIdentifier>
      <Extensions>h;hh;hpp;hxx;h++;hm;inl;inc;ipp;xsd</Extensions>
    </Filter>
    <Filter Include="Resource Files">
      <UniqueIdentifier>{67DA6AB6-F800-4c08-8B7A-83BB121AAD01}</UniqueIdentifier>
      <Extensions>rc;ico;cur;bmp;dlg;rc2;rct;bin;rgs;gif;jpg;jpeg;jpe;resx;tiff;tif;png;wav;mfcribbon-ms</Extensions>
    </Filter>
    <Filter Include="Script">
      <UniqueIdentifier>{c2572ebd-7bd0-4575-aee2-0d8e7e9db24f}</UniqueIdentifier>
    </Filter>
    <Filter Include="gxd">
      <UniqueIdentifier>{6ca00965-cf9a-4f25-883f-66f20404fd5b}</UniqueIdentifier>
    </Filter>
  </ItemGroup>
  <ItemGroup>
    <ClCompile Include="main.cpp">
      <Filter>Source Files</Filter>
    </ClCompile>
    <ClCompile Include="gxd.cpp">
      <Filter>gxd</Filter>
    </ClCompile>
    <ClCompile Include="gxd_sky.cpp">
      <Filter>gxd</Filter>
    </ClCompile>
    <ClCompile Include="FileWatcher.cpp">
      <Filter>Source Files</Filter>
    </ClCompile>
    <ClCompile Include="script.cpp">
      <Filter>Source Files</Filter>
    </ClCompile>
    <ClCompile Include="gxd_motion.cpp">
      <Filter>gxd</Filter>
    </ClCompile>
    <ClCompile Include="tcc-0.9.27\tcc.c">
      <Filter>Source Files</Filter>
    </ClCompile>
    <ClCompile Include="compile.c">
      <Filter>Script</Filter>
    </ClCompile>
    <ClCompile Include="symbol.cpp">
      <Filter>Source Files</Filter>
    </ClCompile>
  </ItemGroup>
  <ItemGroup>
    <ClInclude Include="Header.h">
      <Filter>Source Files</Filter>
    </ClInclude>
    <ClInclude Include="C01_MyApplication.c">
      <Filter>Script</Filter>
    </ClInclude>
    <ClInclude Include="C02.c">
      <Filter>Script</Filter>
    </ClInclude>
  </ItemGroup>
</Project>